<?xml version="1.0" encoding="utf-8"?>
<Project ToolsVersion="4.0" xmlns="http://schemas.microsoft.com/developer/msbuild/2003">
  <ItemGroup>
    <Filter Include="Source Files">
      <UniqueIdentifier>{4FC737F1-C7A5-4376-A066-2A32D752A2FF}</UniqueIdentifier>
      <Extensions>cpp;c;cc;cxx;def;odl;idl;hpj;bat;asm;asmx</Extensions>
    </Filter>
    <Filter Include="Header Files">
      <UniqueIdentifier>{93995380-89BD-4b04-88EB-625FBE52EBFB}</UniqueIdentifier>
      <Extensions>h;hh;hpp;hxx;hm;inl;inc;xsd</Extensions>
    </Filter>
    <Filter Include="Resource Files">
      <UniqueIdentifier>{67DA6AB6-F800-4c08-8B7A-83BB121AAD01}</UniqueIdentifier>
      <Extensions>rc;ico;cur;bmp;dlg;rc2;rct;bin;rgs;gif;jpg;jpeg;jpe;resx;tiff;tif;png;wav;mfcribbon-ms</Extensions>
    </Filter>
    <Filter Include="Resource Files\models">
      <UniqueIdentifier>{7edc9e93-d61e-4955-94dd-fbc548d37e73}</UniqueIdentifier>
    </Filter>
    <Filter Include="Resource Files\textures">
      <UniqueIdentifier>{f450bbfb-e09b-463e-801d-cd42cb0007fd}</UniqueIdentifier>
    </Filter>
    <Filter Include="Assembly files">
      <UniqueIdentifier>{1cee3868-367a-49de-a15a-5c2a1af9515c}</UniqueIdentifier>
    </Filter>
    <Filter Include="Source Files\scene">
      <UniqueIdentifier>{ef1edf54-719e-4adc-aa5b-0df608f91872}</UniqueIdentifier>
    </Filter>
    <Filter Include="Source Files\scene\primitive">
      <UniqueIdentifier>{27c701c5-989f-4754-ae7e-c79f842f36df}</UniqueIdentifier>
    </Filter>
    <Filter Include="Header Files\scene">
      <UniqueIdentifier>{bd248429-542d-4c3b-8332-ccf478f0cb11}</UniqueIdentifier>
    </Filter>
    <Filter Include="Header Files\scene\primitive">
      <UniqueIdentifier>{ad87da2d-6586-4863-8f5b-02dbb60ac880}</UniqueIdentifier>
    </Filter>
    <Filter Include="Source Files\profiler">
      <UniqueIdentifier>{d15617f2-2e3d-48db-a6e8-21bd3a4aee06}</UniqueIdentifier>
    </Filter>
    <Filter Include="Header Files\profiler">
      <UniqueIdentifier>{e9e2e083-1973-4992-b0d1-3fca435f58d9}</UniqueIdentifier>
    </Filter>
    <Filter Include="DSP Files">
      <UniqueIdentifier>{f1b6a650-ae85-4888-b750-2ce3e8015fbd}</UniqueIdentifier>
    </Filter>
  </ItemGroup>
  <ItemGroup>
    <ClCompile Include="src\main.c">
      <Filter>Source Files</Filter>
    </ClCompile>
    <ClCompile Include="src\psopt.s">
      <Filter>Assembly files</Filter>
    </ClCompile>
    <ClCompile Include="src\gxutils.c">
      <Filter>Source Files</Filter>
    </ClCompile>
    <ClCompile Include="src\camera.c">
      <Filter>Source Files</Filter>
    </ClCompile>
    <ClCompile Include="src\pathtracer.c">
      <Filter>Source Files</Filter>
    </ClCompile>
    <ClCompile Include="src\mathutils.c">
      <Filter>Source Files</Filter>
    </ClCompile>
    <ClCompile Include="src\mtrand.c">
      <Filter>Source Files</Filter>
    </ClCompile>
    <ClCompile Include="src\sphere.c">
      <Filter>Source Files\scene\primitive</Filter>
    </ClCompile>
    <ClCompile Include="src\material.c">
      <Filter>Source Files\scene</Filter>
    </ClCompile>
    <ClCompile Include="src\scene.c">
      <Filter>Source Files\scene</Filter>
    </ClCompile>
    <ClCompile Include="src\plane.c">
      <Filter>Source Files\scene\primitive</Filter>
    </ClCompile>
    <ClCompile Include="src\profiler.c">
      <Filter>Source Files\profiler</Filter>
    </ClCompile>
    <ClCompile Include="src\timer.c">
      <Filter>Source Files\profiler</Filter>
    </ClCompile>
    <ClCompile Include="src\mu.c">
      <Filter>Source Files</Filter>
    </ClCompile>
  </ItemGroup>
  <ItemGroup>
    <None Include="Makefile" />
    <None Include=".gitignore" />
    <None Include="MakefileWii" />
    <None Include="dsp\test.dsp">
      <Filter>DSP Files</Filter>
    </None>
  </ItemGroup>
  <ItemGroup>
    <ClInclude Include="include\gxutils.h">
      <Filter>Header Files</Filter>
    </ClInclude>
    <ClInclude Include="include\camera.h">
      <Filter>Header Files</Filter>
    </ClInclude>
    <ClInclude Include="include\defines.h">
      <Filter>Header Files</Filter>
    </ClInclude>
    <ClInclude Include="include\pathtracer.h">
      <Filter>Header Files</Filter>
    </ClInclude>
    <ClInclude Include="include\ray.h">
      <Filter>Header Files</Filter>
    </ClInclude>
    <ClInclude Include="include\mathutils.h">
      <Filter>Header Files</Filter>
    </ClInclude>
    <ClInclude Include="include\mtrand.h">
      <Filter>Header Files</Filter>
    </ClInclude>
    <ClInclude Include="include\hitinfo.h">
      <Filter>Header Files</Filter>
    </ClInclude>
    <ClInclude Include="include\sphere.h">
      <Filter>Header Files\scene\primitive</Filter>
    </ClInclude>
    <ClInclude Include="include\scene.h">
      <Filter>Header Files\scene</Filter>
    </ClInclude>
    <ClInclude Include="include\material.h">
      <Filter>Header Files\scene</Filter>
    </ClInclude>
    <ClInclude Include="include\plane.h">
      <Filter>Header Files\scene\primitive</Filter>
    </ClInclude>
    <ClInclude Include="include\profiler.h">
      <Filter>Header Files\profiler</Filter>
    </ClInclude>
    <ClInclude Include="include\timer.h">
      <Filter>Header Files\profiler</Filter>
    </ClInclude>
    <ClInclude Include="include\types.h">
      <Filter>Header Files\profiler</Filter>
    </ClInclude>
    <ClInclude Include="include\mu.h">
      <Filter>Header Files</Filter>
    </ClInclude>
  </ItemGroup>
</Project>